
Microsoft Visual Studio Solution File, Format Version 12.00
# Visual Studio Version 16
VisualStudioVersion = 16.0.31105.61
MinimumVisualStudioVersion = 10.0.40219.1
Project("{8BC9CEB8-8B4A-11D0-8D11-00A0C91BC942}") = "Main", "Main\Main.vcxproj", "{C5F80730-F44F-4478-BDAE-6634EFC2CA88}"
EndProject
Project("{8BC9CEB8-8B4A-11D0-8D11-00A0C91BC942}") = "BMP388_Test", "BMP388_Test\BMP388_Test.vcxproj", "{2AF79852-10B6-4EE2-97AC-603A051B9F7E}"
EndProject
Project("{8BC9CEB8-8B4A-11D0-8D11-00A0C91BC942}") = "CCS811_Test", "CCS811_Test\CCS811_Test.vcxproj", "{09AEC44E-3C2A-4E17-8028-B1E525943D87}"
EndProject
Global
	GlobalSection(SolutionConfigurationPlatforms) = preSolution
		Debug|x86 = Debug|x86
		Release|x86 = Release|x86
	EndGlobalSection
	GlobalSection(ProjectConfigurationPlatforms) = postSolution
		{C5F80730-F44F-4478-BDAE-6634EFC2CA88}.Debug|x86.ActiveCfg = Debug|Win32
		{C5F80730-F44F-4478-BDAE-6634EFC2CA88}.Debug|x86.Build.0 = Debug|Win32
		{C5F80730-F44F-4478-BDAE-6634EFC2CA88}.Release|x86.ActiveCfg = Release|Win32
		{C5F80730-F44F-4478-BDAE-6634EFC2CA88}.Release|x86.Build.0 = Release|Win32
		{2AF79852-10B6-4EE2-97AC-603A051B9F7E}.Debug|x86.ActiveCfg = Debug|Win32
		{2AF79852-10B6-4EE2-97AC-603A051B9F7E}.Debug|x86.Build.0 = Debug|Win32
		{2AF79852-10B6-4EE2-97AC-603A051B9F7E}.Release|x86.ActiveCfg = Release|Win32
		{2AF79852-10B6-4EE2-97AC-603A051B9F7E}.Release|x86.Build.0 = Release|Win32
		{09AEC44E-3C2A-4E17-8028-B1E525943D87}.Debug|x86.ActiveCfg = Debug|Win32
		{09AEC44E-3C2A-4E17-8028-B1E525943D87}.Debug|x86.Build.0 = Debug|Win32
		{09AEC44E-3C2A-4E17-8028-B1E525943D87}.Release|x86.ActiveCfg = Release|Win32
		{09AEC44E-3C2A-4E17-8028-B1E525943D87}.Release|x86.Build.0 = Release|Win32
	EndGlobalSection
	GlobalSection(SolutionProperties) = preSolution
		HideSolutionNode = FALSE
	EndGlobalSection
	GlobalSection(ExtensibilityGlobals) = postSolution
		SolutionGuid = {5F979993-6886-40BA-95D2-EEB90DA77373}
	EndGlobalSection
EndGlobal
